
Microsoft Visual Studio Solution File, Format Version 12.00
# Visual Studio Version 17
VisualStudioVersion = 17.8.34330.188
MinimumVisualStudioVersion = 10.0.40219.1
Project("{9A19103F-16F7-4668-BE54-9A1E7A4F7556}") = "TicketsCRUD", "TicketsCRUD\TicketsCRUD.csproj", "{5B73880A-5834-4A5C-8AB2-8DDF05C058C5}"
EndProject
Project("{FAE04EC0-301F-11D3-BF4B-00C04F79EFBC}") = "Collections", "Collections\Collections.csproj", "{9F93432B-928A-4768-A266-CA3326B36F46}"
EndProject
Global
	GlobalSection(SolutionConfigurationPlatforms) = preSolution
		Debug|Any CPU = Debug|Any CPU
		Release|Any CPU = Release|Any CPU
	EndGlobalSection
	GlobalSection(ProjectConfigurationPlatforms) = postSolution
		{5B73880A-5834-4A5C-8AB2-8DDF05C058C5}.Debug|Any CPU.ActiveCfg = Debug|Any CPU
		{5B73880A-5834-4A5C-8AB2-8DDF05C058C5}.Debug|Any CPU.Build.0 = Debug|Any CPU
		{5B73880A-5834-4A5C-8AB2-8DDF05C058C5}.Release|Any CPU.ActiveCfg = Release|Any CPU
		{5B73880A-5834-4A5C-8AB2-8DDF05C058C5}.Release|Any CPU.Build.0 = Release|Any CPU
		{9F93432B-928A-4768-A266-CA3326B36F46}.Debug|Any CPU.ActiveCfg = Debug|Any CPU
		{9F93432B-928A-4768-A266-CA3326B36F46}.Debug|Any CPU.Build.0 = Debug|Any CPU
		{9F93432B-928A-4768-A266-CA3326B36F46}.Release|Any CPU.ActiveCfg = Release|Any CPU
		{9F93432B-928A-4768-A266-CA3326B36F46}.Release|Any CPU.Build.0 = Release|Any CPU
	EndGlobalSection
	GlobalSection(SolutionProperties) = preSolution
		HideSolutionNode = FALSE
	EndGlobalSection
	GlobalSection(ExtensibilityGlobals) = postSolution
		SolutionGuid = {EC29A0F4-3A90-474A-A641-F92E097E1BBF}
	EndGlobalSection
EndGlobal
